
Microsoft Visual Studio Solution File, Format Version 12.00
# Visual Studio Version 16
VisualStudioVersion = 16.0.29911.84
MinimumVisualStudioVersion = 10.0.40219.1
Project("{FAE04EC0-301F-11D3-BF4B-00C04F79EFBC}") = "gaweHelloXamarinWorld.Android", "gaweHelloXamarinWorld\gaweHelloXamarinWorld.Android\gaweHelloXamarinWorld.Android.csproj", "{36BE46B5-003E-467B-9F66-F5EA9D7D50F4}"
EndProject
Project("{FAE04EC0-301F-11D3-BF4B-00C04F79EFBC}") = "gaweHelloXamarinWorld.iOS", "gaweHelloXamarinWorld\gaweHelloXamarinWorld.iOS\gaweHelloXamarinWorld.iOS.csproj", "{05C1730C-1FD3-46D1-87B9-B976AD570931}"
EndProject
Project("{FAE04EC0-301F-11D3-BF4B-00C04F79EFBC}") = "gaweHelloXamarinWorld", "gaweHelloXamarinWorld\gaweHelloXamarinWorld\gaweHelloXamarinWorld.csproj", "{F891D05A-2D52-4389-A10C-0BECECCE1120}"
EndProject
Global
	GlobalSection(SolutionConfigurationPlatforms) = preSolution
		Debug|Any CPU = Debug|Any CPU
		Debug|iPhone = Debug|iPhone
		Debug|iPhoneSimulator = Debug|iPhoneSimulator
		Release|Any CPU = Release|Any CPU
		Release|iPhone = Release|iPhone
		Release|iPhoneSimulator = Release|iPhoneSimulator
	EndGlobalSection
	GlobalSection(ProjectConfigurationPlatforms) = postSolution
		{36BE46B5-003E-467B-9F66-F5EA9D7D50F4}.Debug|Any CPU.ActiveCfg = Debug|Any CPU
		{36BE46B5-003E-467B-9F66-F5EA9D7D50F4}.Debug|Any CPU.Build.0 = Debug|Any CPU
		{36BE46B5-003E-467B-9F66-F5EA9D7D50F4}.Debug|Any CPU.Deploy.0 = Debug|Any CPU
		{36BE46B5-003E-467B-9F66-F5EA9D7D50F4}.Debug|iPhone.ActiveCfg = Debug|Any CPU
		{36BE46B5-003E-467B-9F66-F5EA9D7D50F4}.Debug|iPhone.Build.0 = Debug|Any CPU
		{36BE46B5-003E-467B-9F66-F5EA9D7D50F4}.Debug|iPhone.Deploy.0 = Debug|Any CPU
		{36BE46B5-003E-467B-9F66-F5EA9D7D50F4}.Debug|iPhoneSimulator.ActiveCfg = Debug|Any CPU
		{36BE46B5-003E-467B-9F66-F5EA9D7D50F4}.Debug|iPhoneSimulator.Build.0 = Debug|Any CPU
		{36BE46B5-003E-467B-9F66-F5EA9D7D50F4}.Debug|iPhoneSimulator.Deploy.0 = Debug|Any CPU
		{36BE46B5-003E-467B-9F66-F5EA9D7D50F4}.Release|Any CPU.ActiveCfg = Release|Any CPU
		{36BE46B5-003E-467B-9F66-F5EA9D7D50F4}.Release|Any CPU.Build.0 = Release|Any CPU
		{36BE46B5-003E-467B-9F66-F5EA9D7D50F4}.Release|Any CPU.Deploy.0 = Release|Any CPU
		{36BE46B5-003E-467B-9F66-F5EA9D7D50F4}.Release|iPhone.ActiveCfg = Release|Any CPU
		{36BE46B5-003E-467B-9F66-F5EA9D7D50F4}.Release|iPhone.Build.0 = Release|Any CPU
		{36BE46B5-003E-467B-9F66-F5EA9D7D50F4}.Release|iPhone.Deploy.0 = Release|Any CPU
		{36BE46B5-003E-467B-9F66-F5EA9D7D50F4}.Release|iPhoneSimulator.ActiveCfg = Release|Any CPU
		{36BE46B5-003E-467B-9F66-F5EA9D7D50F4}.Release|iPhoneSimulator.Build.0 = Release|Any CPU
		{36BE46B5-003E-467B-9F66-F5EA9D7D50F4}.Release|iPhoneSimulator.Deploy.0 = Release|Any CPU
		{05C1730C-1FD3-46D1-87B9-B976AD570931}.Debug|Any CPU.ActiveCfg = Debug|iPhone
		{05C1730C-1FD3-46D1-87B9-B976AD570931}.Debug|Any CPU.Build.0 = Debug|iPhone
		{05C1730C-1FD3-46D1-87B9-B976AD570931}.Debug|Any CPU.Deploy.0 = Debug|iPhone
		{05C1730C-1FD3-46D1-87B9-B976AD570931}.Debug|iPhone.ActiveCfg = Debug|iPhone
		{05C1730C-1FD3-46D1-87B9-B976AD570931}.Debug|iPhone.Build.0 = Debug|iPhone
		{05C1730C-1FD3-46D1-87B9-B976AD570931}.Debug|iPhone.Deploy.0 = Debug|iPhone
		{05C1730C-1FD3-46D1-87B9-B976AD570931}.Debug|iPhoneSimulator.ActiveCfg = Debug|iPhoneSimulator
		{05C1730C-1FD3-46D1-87B9-B976AD570931}.Debug|iPhoneSimulator.Build.0 = Debug|iPhoneSimulator
		{05C1730C-1FD3-46D1-87B9-B976AD570931}.Debug|iPhoneSimulator.Deploy.0 = Debug|iPhoneSimulator
		{05C1730C-1FD3-46D1-87B9-B976AD570931}.Release|Any CPU.ActiveCfg = Release|iPhone
		{05C1730C-1FD3-46D1-87B9-B976AD570931}.Release|Any CPU.Build.0 = Release|iPhone
		{05C1730C-1FD3-46D1-87B9-B976AD570931}.Release|Any CPU.Deploy.0 = Release|iPhone
		{05C1730C-1FD3-46D1-87B9-B976AD570931}.Release|iPhone.ActiveCfg = Release|iPhone
		{05C1730C-1FD3-46D1-87B9-B976AD570931}.Release|iPhone.Build.0 = Release|iPhone
		{05C1730C-1FD3-46D1-87B9-B976AD570931}.Release|iPhone.Deploy.0 = Release|iPhone
		{05C1730C-1FD3-46D1-87B9-B976AD570931}.Release|iPhoneSimulator.ActiveCfg = Release|iPhoneSimulator
		{05C1730C-1FD3-46D1-87B9-B976AD570931}.Release|iPhoneSimulator.Build.0 = Release|iPhoneSimulator
		{05C1730C-1FD3-46D1-87B9-B976AD570931}.Release|iPhoneSimulator.Deploy.0 = Release|iPhoneSimulator
		{F891D05A-2D52-4389-A10C-0BECECCE1120}.Debug|Any CPU.ActiveCfg = Debug|Any CPU
		{F891D05A-2D52-4389-A10C-0BECECCE1120}.Debug|Any CPU.Build.0 = Debug|Any CPU
		{F891D05A-2D52-4389-A10C-0BECECCE1120}.Debug|Any CPU.Deploy.0 = Debug|Any CPU
		{F891D05A-2D52-4389-A10C-0BECECCE1120}.Debug|iPhone.ActiveCfg = Debug|Any CPU
		{F891D05A-2D52-4389-A10C-0BECECCE1120}.Debug|iPhone.Build.0 = Debug|Any CPU
		{F891D05A-2D52-4389-A10C-0BECECCE1120}.Debug|iPhone.Deploy.0 = Debug|Any CPU
		{F891D05A-2D52-4389-A10C-0BECECCE1120}.Debug|iPhoneSimulator.ActiveCfg = Debug|Any CPU
		{F891D05A-2D52-4389-A10C-0BECECCE1120}.Debug|iPhoneSimulator.Build.0 = Debug|Any CPU
		{F891D05A-2D52-4389-A10C-0BECECCE1120}.Debug|iPhoneSimulator.Deploy.0 = Debug|Any CPU
		{F891D05A-2D52-4389-A10C-0BECECCE1120}.Release|Any CPU.ActiveCfg = Release|Any CPU
		{F891D05A-2D52-4389-A10C-0BECECCE1120}.Release|Any CPU.Build.0 = Release|Any CPU
		{F891D05A-2D52-4389-A10C-0BECECCE1120}.Release|Any CPU.Deploy.0 = Release|Any CPU
		{F891D05A-2D52-4389-A10C-0BECECCE1120}.Release|iPhone.ActiveCfg = Release|Any CPU
		{F891D05A-2D52-4389-A10C-0BECECCE1120}.Release|iPhone.Build.0 = Release|Any CPU
		{F891D05A-2D52-4389-A10C-0BECECCE1120}.Release|iPhone.Deploy.0 = Release|Any CPU
		{F891D05A-2D52-4389-A10C-0BECECCE1120}.Release|iPhoneSimulator.ActiveCfg = Release|Any CPU
		{F891D05A-2D52-4389-A10C-0BECECCE1120}.Release|iPhoneSimulator.Build.0 = Release|Any CPU
		{F891D05A-2D52-4389-A10C-0BECECCE1120}.Release|iPhoneSimulator.Deploy.0 = Release|Any CPU
	EndGlobalSection
	GlobalSection(SolutionProperties) = preSolution
		HideSolutionNode = FALSE
	EndGlobalSection
	GlobalSection(ExtensibilityGlobals) = postSolution
		SolutionGuid = {0FD0AB8D-6473-40F3-9017-F89908CC2768}
	EndGlobalSection
EndGlobal
